
Microsoft Visual Studio Solution File, Format Version 12.00
# Visual Studio Version 17
VisualStudioVersion = 17.0.32112.339
MinimumVisualStudioVersion = 10.0.40219.1
Project("{FAE04EC0-301F-11D3-BF4B-00C04F79EFBC}") = "EX2", "EX2\EX2.csproj", "{A104B32F-A465-4C36-9D16-0A7F52054083}"
EndProject
Global
	GlobalSection(SolutionConfigurationPlatforms) = preSolution
		Debug|Any CPU = Debug|Any CPU
		Release|Any CPU = Release|Any CPU
	EndGlobalSection
	GlobalSection(ProjectConfigurationPlatforms) = postSolution
		{A104B32F-A465-4C36-9D16-0A7F52054083}.Debug|Any CPU.ActiveCfg = Debug|Any CPU
		{A104B32F-A465-4C36-9D16-0A7F52054083}.Debug|Any CPU.Build.0 = Debug|Any CPU
		{A104B32F-A465-4C36-9D16-0A7F52054083}.Release|Any CPU.ActiveCfg = Release|Any CPU
		{A104B32F-A465-4C36-9D16-0A7F52054083}.Release|Any CPU.Build.0 = Release|Any CPU
	EndGlobalSection
	GlobalSection(SolutionProperties) = preSolution
		HideSolutionNode = FALSE
	EndGlobalSection
	GlobalSection(ExtensibilityGlobals) = postSolution
		SolutionGuid = {2BD21901-3719-475B-BF0B-2557BA6C972E}
	EndGlobalSection
EndGlobal
