
Microsoft Visual Studio Solution File, Format Version 12.00
# Visual Studio Version 17
VisualStudioVersion = 17.0.32112.339
MinimumVisualStudioVersion = 10.0.40219.1
Project("{FAE04EC0-301F-11D3-BF4B-00C04F79EFBC}") = "Ex3", "Ex3\Ex3.csproj", "{69470945-32E8-490A-9741-930E8CACF859}"
EndProject
Global
	GlobalSection(SolutionConfigurationPlatforms) = preSolution
		Debug|Any CPU = Debug|Any CPU
		Release|Any CPU = Release|Any CPU
	EndGlobalSection
	GlobalSection(ProjectConfigurationPlatforms) = postSolution
		{69470945-32E8-490A-9741-930E8CACF859}.Debug|Any CPU.ActiveCfg = Debug|Any CPU
		{69470945-32E8-490A-9741-930E8CACF859}.Debug|Any CPU.Build.0 = Debug|Any CPU
		{69470945-32E8-490A-9741-930E8CACF859}.Release|Any CPU.ActiveCfg = Release|Any CPU
		{69470945-32E8-490A-9741-930E8CACF859}.Release|Any CPU.Build.0 = Release|Any CPU
	EndGlobalSection
	GlobalSection(SolutionProperties) = preSolution
		HideSolutionNode = FALSE
	EndGlobalSection
	GlobalSection(ExtensibilityGlobals) = postSolution
		SolutionGuid = {E0164CB5-9DB6-4B85-A262-95D87AC0400B}
	EndGlobalSection
EndGlobal
