
Microsoft Visual Studio Solution File, Format Version 12.00
# Visual Studio Version 17
VisualStudioVersion = 17.0.32014.148
MinimumVisualStudioVersion = 10.0.40219.1
Project("{9A19103F-16F7-4668-BE54-9A1E7A4F7556}") = "EX1", "Test\EX1.csproj", "{B97CDE22-5F92-411D-8F54-4A2712E091DD}"
EndProject
Global
	GlobalSection(SolutionConfigurationPlatforms) = preSolution
		Debug|Any CPU = Debug|Any CPU
		Release|Any CPU = Release|Any CPU
	EndGlobalSection
	GlobalSection(ProjectConfigurationPlatforms) = postSolution
		{B97CDE22-5F92-411D-8F54-4A2712E091DD}.Debug|Any CPU.ActiveCfg = Debug|Any CPU
		{B97CDE22-5F92-411D-8F54-4A2712E091DD}.Debug|Any CPU.Build.0 = Debug|Any CPU
		{B97CDE22-5F92-411D-8F54-4A2712E091DD}.Release|Any CPU.ActiveCfg = Release|Any CPU
		{B97CDE22-5F92-411D-8F54-4A2712E091DD}.Release|Any CPU.Build.0 = Release|Any CPU
	EndGlobalSection
	GlobalSection(SolutionProperties) = preSolution
		HideSolutionNode = FALSE
	EndGlobalSection
	GlobalSection(ExtensibilityGlobals) = postSolution
		SolutionGuid = {C1EF71F3-C1F8-4B4D-829A-8BF58464DF0C}
	EndGlobalSection
EndGlobal
